// !$*UTF8*$!
{
	archiveVersion = 1;
	classes = {
	};
	objectVersion = 52;
	objects = {

/* Begin PBXBuildFile section */
		2960BF3225B3681E00AC9E4F /* SchedulerKitExampleApp.swift in Sources */ = {isa = PBXBuildFile; fileRef = 2960BF0925B3681C00AC9E4F /* SchedulerKitExampleApp.swift */; };
		2960BF3625B3681E00AC9E4F /* Assets.xcassets in Resources */ = {isa = PBXBuildFile; fileRef = 2960BF0B25B3681E00AC9E4F /* Assets.xcassets */; };
		2960BFA225B375A500AC9E4F /* ContentView.swift in Sources */ = {isa = PBXBuildFile; fileRef = 2960BF0A25B3681C00AC9E4F /* ContentView.swift */; };
		2960BFA325B375A700AC9E4F /* NonTestableViewModel.swift in Sources */ = {isa = PBXBuildFile; fileRef = 2960BF7725B370BB00AC9E4F /* NonTestableViewModel.swift */; };
		2960BFA425B375A900AC9E4F /* TestableViewModel.swift in Sources */ = {isa = PBXBuildFile; fileRef = 2960BF5A25B369F500AC9E4F /* TestableViewModel.swift */; };
		2960BFA525B375AC00AC9E4F /* ViewModelProtocol.swift in Sources */ = {isa = PBXBuildFile; fileRef = 2960BF6325B36A5F00AC9E4F /* ViewModelProtocol.swift */; };
		2960BFA625B375AF00AC9E4F /* TextService.swift in Sources */ = {isa = PBXBuildFile; fileRef = 2960BF7125B36F5C00AC9E4F /* TextService.swift */; };
		2960BFA825B375C000AC9E4F /* SchedulerKit in Frameworks */ = {isa = PBXBuildFile; productRef = 2960BFA725B375C000AC9E4F /* SchedulerKit */; };
		2960BFA925B375C000AC9E4F /* SchedulerKit in Embed Frameworks */ = {isa = PBXBuildFile; productRef = 2960BFA725B375C000AC9E4F /* SchedulerKit */; settings = {ATTRIBUTES = (CodeSignOnCopy, ); }; };
		2960BFB125B376AA00AC9E4F /* TestableViewModelTests.swift in Sources */ = {isa = PBXBuildFile; fileRef = 2960BFB025B376AA00AC9E4F /* TestableViewModelTests.swift */; };
		2960BFBB25B376DF00AC9E4F /* SchedulerKitTestUtils in Frameworks */ = {isa = PBXBuildFile; productRef = 2960BFBA25B376DF00AC9E4F /* SchedulerKitTestUtils */; };
		2960BFBD25B376DF00AC9E4F /* SchedulerKitTestUtils in Embed Frameworks */ = {isa = PBXBuildFile; productRef = 2960BFBA25B376DF00AC9E4F /* SchedulerKitTestUtils */; settings = {ATTRIBUTES = (CodeSignOnCopy, ); }; };
		2960BFC025B3776500AC9E4F /* TextServiceMock.swift in Sources */ = {isa = PBXBuildFile; fileRef = 2960BFBF25B3776500AC9E4F /* TextServiceMock.swift */; };
		2960BFC225B3779A00AC9E4F /* NonTestableViewModelTests.swift in Sources */ = {isa = PBXBuildFile; fileRef = 2960BFC125B3779A00AC9E4F /* NonTestableViewModelTests.swift */; };
/* End PBXBuildFile section */

/* Begin PBXContainerItemProxy section */
		2960BFB325B376AA00AC9E4F /* PBXContainerItemProxy */ = {
			isa = PBXContainerItemProxy;
			containerPortal = 2960BF0425B3681C00AC9E4F /* Project object */;
			proxyType = 1;
			remoteGlobalIDString = 2960BF0F25B3681E00AC9E4F;
			remoteInfo = SchedulerKitExample;
		};
/* End PBXContainerItemProxy section */

/* Begin PBXCopyFilesBuildPhase section */
		2960BF5125B3687200AC9E4F /* Embed Frameworks */ = {
			isa = PBXCopyFilesBuildPhase;
			buildActionMask = 2147483647;
			dstPath = "";
			dstSubfolderSpec = 10;
			files = (
				2960BFA925B375C000AC9E4F /* SchedulerKit in Embed Frameworks */,
			);
			name = "Embed Frameworks";
			runOnlyForDeploymentPostprocessing = 0;
		};
		2960BFBC25B376DF00AC9E4F /* Embed Frameworks */ = {
			isa = PBXCopyFilesBuildPhase;
			buildActionMask = 2147483647;
			dstPath = "";
			dstSubfolderSpec = 10;
			files = (
				2960BFBD25B376DF00AC9E4F /* SchedulerKitTestUtils in Embed Frameworks */,
			);
			name = "Embed Frameworks";
			runOnlyForDeploymentPostprocessing = 0;
		};
/* End PBXCopyFilesBuildPhase section */

/* Begin PBXFileReference section */
		2960BF0925B3681C00AC9E4F /* SchedulerKitExampleApp.swift */ = {isa = PBXFileReference; lastKnownFileType = sourcecode.swift; path = SchedulerKitExampleApp.swift; sourceTree = "<group>"; };
		2960BF0A25B3681C00AC9E4F /* ContentView.swift */ = {isa = PBXFileReference; lastKnownFileType = sourcecode.swift; path = ContentView.swift; sourceTree = "<group>"; };
		2960BF0B25B3681E00AC9E4F /* Assets.xcassets */ = {isa = PBXFileReference; lastKnownFileType = folder.assetcatalog; path = Assets.xcassets; sourceTree = "<group>"; };
		2960BF1025B3681E00AC9E4F /* SchedulerKitExample.app */ = {isa = PBXFileReference; explicitFileType = wrapper.application; includeInIndex = 0; path = SchedulerKitExample.app; sourceTree = BUILT_PRODUCTS_DIR; };
		2960BF1325B3681E00AC9E4F /* Info.plist */ = {isa = PBXFileReference; lastKnownFileType = text.plist.xml; path = Info.plist; sourceTree = "<group>"; };
		2960BF5A25B369F500AC9E4F /* TestableViewModel.swift */ = {isa = PBXFileReference; lastKnownFileType = sourcecode.swift; path = TestableViewModel.swift; sourceTree = "<group>"; };
		2960BF6325B36A5F00AC9E4F /* ViewModelProtocol.swift */ = {isa = PBXFileReference; lastKnownFileType = sourcecode.swift; path = ViewModelProtocol.swift; sourceTree = "<group>"; };
		2960BF7125B36F5C00AC9E4F /* TextService.swift */ = {isa = PBXFileReference; lastKnownFileType = sourcecode.swift; path = TextService.swift; sourceTree = "<group>"; };
		2960BF7725B370BB00AC9E4F /* NonTestableViewModel.swift */ = {isa = PBXFileReference; lastKnownFileType = sourcecode.swift; path = NonTestableViewModel.swift; sourceTree = "<group>"; };
		2960BFAE25B376AA00AC9E4F /* SchedulerKitExampleTests.xctest */ = {isa = PBXFileReference; explicitFileType = wrapper.cfbundle; includeInIndex = 0; path = SchedulerKitExampleTests.xctest; sourceTree = BUILT_PRODUCTS_DIR; };
		2960BFB025B376AA00AC9E4F /* TestableViewModelTests.swift */ = {isa = PBXFileReference; lastKnownFileType = sourcecode.swift; path = TestableViewModelTests.swift; sourceTree = "<group>"; };
		2960BFB225B376AA00AC9E4F /* Info.plist */ = {isa = PBXFileReference; lastKnownFileType = text.plist.xml; path = Info.plist; sourceTree = "<group>"; };
		2960BFBF25B3776500AC9E4F /* TextServiceMock.swift */ = {isa = PBXFileReference; lastKnownFileType = sourcecode.swift; path = TextServiceMock.swift; sourceTree = "<group>"; };
		2960BFC125B3779A00AC9E4F /* NonTestableViewModelTests.swift */ = {isa = PBXFileReference; lastKnownFileType = sourcecode.swift; path = NonTestableViewModelTests.swift; sourceTree = "<group>"; };
/* End PBXFileReference section */

/* Begin PBXFrameworksBuildPhase section */
		2960BF0D25B3681E00AC9E4F /* Frameworks */ = {
			isa = PBXFrameworksBuildPhase;
			buildActionMask = 2147483647;
			files = (
				2960BFA825B375C000AC9E4F /* SchedulerKit in Frameworks */,
			);
			runOnlyForDeploymentPostprocessing = 0;
		};
		2960BFAB25B376AA00AC9E4F /* Frameworks */ = {
			isa = PBXFrameworksBuildPhase;
			buildActionMask = 2147483647;
			files = (
				2960BFBB25B376DF00AC9E4F /* SchedulerKitTestUtils in Frameworks */,
			);
			runOnlyForDeploymentPostprocessing = 0;
		};
/* End PBXFrameworksBuildPhase section */

/* Begin PBXGroup section */
		2960BF0325B3681C00AC9E4F = {
			isa = PBXGroup;
			children = (
				2960BF1225B3681E00AC9E4F /* iOS */,
				2960BFAF25B376AA00AC9E4F /* SchedulerKitExampleTests */,
				2960BF1125B3681E00AC9E4F /* Products */,
				2960BF8C25B3719400AC9E4F /* Frameworks */,
			);
			sourceTree = "<group>";
		};
		2960BF1125B3681E00AC9E4F /* Products */ = {
			isa = PBXGroup;
			children = (
				2960BF1025B3681E00AC9E4F /* SchedulerKitExample.app */,
				2960BFAE25B376AA00AC9E4F /* SchedulerKitExampleTests.xctest */,
			);
			name = Products;
			sourceTree = "<group>";
		};
		2960BF1225B3681E00AC9E4F /* iOS */ = {
			isa = PBXGroup;
			children = (
				2960BF1325B3681E00AC9E4F /* Info.plist */,
				2960BF0925B3681C00AC9E4F /* SchedulerKitExampleApp.swift */,
				2960BF0B25B3681E00AC9E4F /* Assets.xcassets */,
				2960BF6025B36A0500AC9E4F /* Content */,
				2960BF5925B368B500AC9E4F /* Helpers */,
			);
			path = iOS;
			sourceTree = "<group>";
		};
		2960BF5925B368B500AC9E4F /* Helpers */ = {
			isa = PBXGroup;
			children = (
				2960BF7125B36F5C00AC9E4F /* TextService.swift */,
			);
			path = Helpers;
			sourceTree = "<group>";
		};
		2960BF6025B36A0500AC9E4F /* Content */ = {
			isa = PBXGroup;
			children = (
				2960BF0A25B3681C00AC9E4F /* ContentView.swift */,
				2960BF7725B370BB00AC9E4F /* NonTestableViewModel.swift */,
				2960BF5A25B369F500AC9E4F /* TestableViewModel.swift */,
				2960BF6325B36A5F00AC9E4F /* ViewModelProtocol.swift */,
			);
			path = Content;
			sourceTree = "<group>";
		};
		2960BF8C25B3719400AC9E4F /* Frameworks */ = {
			isa = PBXGroup;
			children = (
			);
			name = Frameworks;
			sourceTree = "<group>";
		};
		2960BFAF25B376AA00AC9E4F /* SchedulerKitExampleTests */ = {
			isa = PBXGroup;
			children = (
				2960BFB225B376AA00AC9E4F /* Info.plist */,
				2960BFC125B3779A00AC9E4F /* NonTestableViewModelTests.swift */,
				2960BFB025B376AA00AC9E4F /* TestableViewModelTests.swift */,
				2960BFBE25B3775A00AC9E4F /* Mocks */,
			);
			path = SchedulerKitExampleTests;
			sourceTree = "<group>";
		};
		2960BFBE25B3775A00AC9E4F /* Mocks */ = {
			isa = PBXGroup;
			children = (
				2960BFBF25B3776500AC9E4F /* TextServiceMock.swift */,
			);
			path = Mocks;
			sourceTree = "<group>";
		};
/* End PBXGroup section */

/* Begin PBXNativeTarget section */
		2960BF0F25B3681E00AC9E4F /* SchedulerKitExample */ = {
			isa = PBXNativeTarget;
			buildConfigurationList = 2960BF3A25B3681E00AC9E4F /* Build configuration list for PBXNativeTarget "SchedulerKitExample" */;
			buildPhases = (
				2960BF0C25B3681E00AC9E4F /* Sources */,
				2960BF0D25B3681E00AC9E4F /* Frameworks */,
				2960BF0E25B3681E00AC9E4F /* Resources */,
				2960BF5125B3687200AC9E4F /* Embed Frameworks */,
			);
			buildRules = (
			);
			dependencies = (
			);
			name = SchedulerKitExample;
			packageProductDependencies = (
				2960BFA725B375C000AC9E4F /* SchedulerKit */,
			);
			productName = "SchedulerKitExample (iOS)";
			productReference = 2960BF1025B3681E00AC9E4F /* SchedulerKitExample.app */;
			productType = "com.apple.product-type.application";
		};
		2960BFAD25B376AA00AC9E4F /* SchedulerKitExampleTests */ = {
			isa = PBXNativeTarget;
			buildConfigurationList = 2960BFB525B376AA00AC9E4F /* Build configuration list for PBXNativeTarget "SchedulerKitExampleTests" */;
			buildPhases = (
				2960BFAA25B376AA00AC9E4F /* Sources */,
				2960BFAB25B376AA00AC9E4F /* Frameworks */,
				2960BFAC25B376AA00AC9E4F /* Resources */,
				2960BFBC25B376DF00AC9E4F /* Embed Frameworks */,
			);
			buildRules = (
			);
			dependencies = (
				2960BFB425B376AA00AC9E4F /* PBXTargetDependency */,
			);
			name = SchedulerKitExampleTests;
			packageProductDependencies = (
				2960BFBA25B376DF00AC9E4F /* SchedulerKitTestUtils */,
			);
			productName = SchedulerKitExampleTests;
			productReference = 2960BFAE25B376AA00AC9E4F /* SchedulerKitExampleTests.xctest */;
			productType = "com.apple.product-type.bundle.unit-test";
		};
/* End PBXNativeTarget section */

/* Begin PBXProject section */
		2960BF0425B3681C00AC9E4F /* Project object */ = {
			isa = PBXProject;
			attributes = {
				LastSwiftUpdateCheck = 1230;
				LastUpgradeCheck = 1230;
				TargetAttributes = {
					2960BF0F25B3681E00AC9E4F = {
						CreatedOnToolsVersion = 12.3;
					};
					2960BFAD25B376AA00AC9E4F = {
						CreatedOnToolsVersion = 12.3;
						TestTargetID = 2960BF0F25B3681E00AC9E4F;
					};
				};
			};
			buildConfigurationList = 2960BF0725B3681C00AC9E4F /* Build configuration list for PBXProject "SchedulerKitExample" */;
			compatibilityVersion = "Xcode 9.3";
			developmentRegion = en;
			hasScannedForEncodings = 0;
			knownRegions = (
				en,
				Base,
			);
			mainGroup = 2960BF0325B3681C00AC9E4F;
			packageReferences = (
				2960BF4A25B3687100AC9E4F /* XCRemoteSwiftPackageReference "SchedulerKit" */,
			);
			productRefGroup = 2960BF1125B3681E00AC9E4F /* Products */;
			projectDirPath = "";
			projectRoot = "";
			targets = (
				2960BF0F25B3681E00AC9E4F /* SchedulerKitExample */,
				2960BFAD25B376AA00AC9E4F /* SchedulerKitExampleTests */,
			);
		};
/* End PBXProject section */

/* Begin PBXResourcesBuildPhase section */
		2960BF0E25B3681E00AC9E4F /* Resources */ = {
			isa = PBXResourcesBuildPhase;
			buildActionMask = 2147483647;
			files = (
				2960BF3625B3681E00AC9E4F /* Assets.xcassets in Resources */,
			);
			runOnlyForDeploymentPostprocessing = 0;
		};
		2960BFAC25B376AA00AC9E4F /* Resources */ = {
			isa = PBXResourcesBuildPhase;
			buildActionMask = 2147483647;
			files = (
			);
			runOnlyForDeploymentPostprocessing = 0;
		};
/* End PBXResourcesBuildPhase section */

/* Begin PBXSourcesBuildPhase section */
		2960BF0C25B3681E00AC9E4F /* Sources */ = {
			isa = PBXSourcesBuildPhase;
			buildActionMask = 2147483647;
			files = (
				2960BFA425B375A900AC9E4F /* TestableViewModel.swift in Sources */,
				2960BFA225B375A500AC9E4F /* ContentView.swift in Sources */,
				2960BFA525B375AC00AC9E4F /* ViewModelProtocol.swift in Sources */,
				2960BFA325B375A700AC9E4F /* NonTestableViewModel.swift in Sources */,
				2960BFA625B375AF00AC9E4F /* TextService.swift in Sources */,
				2960BF3225B3681E00AC9E4F /* SchedulerKitExampleApp.swift in Sources */,
			);
			runOnlyForDeploymentPostprocessing = 0;
		};
		2960BFAA25B376AA00AC9E4F /* Sources */ = {
			isa = PBXSourcesBuildPhase;
			buildActionMask = 2147483647;
			files = (
				2960BFC025B3776500AC9E4F /* TextServiceMock.swift in Sources */,
				2960BFC225B3779A00AC9E4F /* NonTestableViewModelTests.swift in Sources */,
				2960BFB125B376AA00AC9E4F /* TestableViewModelTests.swift in Sources */,
			);
			runOnlyForDeploymentPostprocessing = 0;
		};
/* End PBXSourcesBuildPhase section */

/* Begin PBXTargetDependency section */
		2960BFB425B376AA00AC9E4F /* PBXTargetDependency */ = {
			isa = PBXTargetDependency;
			target = 2960BF0F25B3681E00AC9E4F /* SchedulerKitExample */;
			targetProxy = 2960BFB325B376AA00AC9E4F /* PBXContainerItemProxy */;
		};
/* End PBXTargetDependency section */

/* Begin XCBuildConfiguration section */
		2960BF3825B3681E00AC9E4F /* Debug */ = {
			isa = XCBuildConfiguration;
			buildSettings = {
				ALWAYS_SEARCH_USER_PATHS = NO;
				CLANG_ANALYZER_NONNULL = YES;
				CLANG_ANALYZER_NUMBER_OBJECT_CONVERSION = YES_AGGRESSIVE;
				CLANG_CXX_LANGUAGE_STANDARD = "gnu++14";
				CLANG_CXX_LIBRARY = "libc++";
				CLANG_ENABLE_MODULES = YES;
				CLANG_ENABLE_OBJC_ARC = YES;
				CLANG_ENABLE_OBJC_WEAK = YES;
				CLANG_WARN_BLOCK_CAPTURE_AUTORELEASING = YES;
				CLANG_WARN_BOOL_CONVERSION = YES;
				CLANG_WARN_COMMA = YES;
				CLANG_WARN_CONSTANT_CONVERSION = YES;
				CLANG_WARN_DEPRECATED_OBJC_IMPLEMENTATIONS = YES;
				CLANG_WARN_DIRECT_OBJC_ISA_USAGE = YES_ERROR;
				CLANG_WARN_DOCUMENTATION_COMMENTS = YES;
				CLANG_WARN_EMPTY_BODY = YES;
				CLANG_WARN_ENUM_CONVERSION = YES;
				CLANG_WARN_INFINITE_RECURSION = YES;
				CLANG_WARN_INT_CONVERSION = YES;
				CLANG_WARN_NON_LITERAL_NULL_CONVERSION = YES;
				CLANG_WARN_OBJC_IMPLICIT_RETAIN_SELF = YES;
				CLANG_WARN_OBJC_LITERAL_CONVERSION = YES;
				CLANG_WARN_OBJC_ROOT_CLASS = YES_ERROR;
				CLANG_WARN_QUOTED_INCLUDE_IN_FRAMEWORK_HEADER = YES;
				CLANG_WARN_RANGE_LOOP_ANALYSIS = YES;
				CLANG_WARN_STRICT_PROTOTYPES = YES;
				CLANG_WARN_SUSPICIOUS_MOVE = YES;
				CLANG_WARN_UNGUARDED_AVAILABILITY = YES_AGGRESSIVE;
				CLANG_WARN_UNREACHABLE_CODE = YES;
				CLANG_WARN__DUPLICATE_METHOD_MATCH = YES;
				COPY_PHASE_STRIP = NO;
				DEBUG_INFORMATION_FORMAT = dwarf;
				ENABLE_STRICT_OBJC_MSGSEND = YES;
				ENABLE_TESTABILITY = YES;
				GCC_C_LANGUAGE_STANDARD = gnu11;
				GCC_DYNAMIC_NO_PIC = NO;
				GCC_NO_COMMON_BLOCKS = YES;
				GCC_OPTIMIZATION_LEVEL = 0;
				GCC_PREPROCESSOR_DEFINITIONS = (
					"DEBUG=1",
					"$(inherited)",
				);
				GCC_WARN_64_TO_32_BIT_CONVERSION = YES;
				GCC_WARN_ABOUT_RETURN_TYPE = YES_ERROR;
				GCC_WARN_UNDECLARED_SELECTOR = YES;
				GCC_WARN_UNINITIALIZED_AUTOS = YES_AGGRESSIVE;
				GCC_WARN_UNUSED_FUNCTION = YES;
				GCC_WARN_UNUSED_VARIABLE = YES;
				MTL_ENABLE_DEBUG_INFO = INCLUDE_SOURCE;
				MTL_FAST_MATH = YES;
				ONLY_ACTIVE_ARCH = YES;
				SWIFT_ACTIVE_COMPILATION_CONDITIONS = DEBUG;
				SWIFT_OPTIMIZATION_LEVEL = "-Onone";
			};
			name = Debug;
		};
		2960BF3925B3681E00AC9E4F /* Release */ = {
			isa = XCBuildConfiguration;
			buildSettings = {
				ALWAYS_SEARCH_USER_PATHS = NO;
				CLANG_ANALYZER_NONNULL = YES;
				CLANG_ANALYZER_NUMBER_OBJECT_CONVERSION = YES_AGGRESSIVE;
				CLANG_CXX_LANGUAGE_STANDARD = "gnu++14";
				CLANG_CXX_LIBRARY = "libc++";
				CLANG_ENABLE_MODULES = YES;
				CLANG_ENABLE_OBJC_ARC = YES;
				CLANG_ENABLE_OBJC_WEAK = YES;
				CLANG_WARN_BLOCK_CAPTURE_AUTORELEASING = YES;
				CLANG_WARN_BOOL_CONVERSION = YES;
				CLANG_WARN_COMMA = YES;
				CLANG_WARN_CONSTANT_CONVERSION = YES;
				CLANG_WARN_DEPRECATED_OBJC_IMPLEMENTATIONS = YES;
				CLANG_WARN_DIRECT_OBJC_ISA_USAGE = YES_ERROR;
				CLANG_WARN_DOCUMENTATION_COMMENTS = YES;
				CLANG_WARN_EMPTY_BODY = YES;
				CLANG_WARN_ENUM_CONVERSION = YES;
				CLANG_WARN_INFINITE_RECURSION = YES;
				CLANG_WARN_INT_CONVERSION = YES;
				CLANG_WARN_NON_LITERAL_NULL_CONVERSION = YES;
				CLANG_WARN_OBJC_IMPLICIT_RETAIN_SELF = YES;
				CLANG_WARN_OBJC_LITERAL_CONVERSION = YES;
				CLANG_WARN_OBJC_ROOT_CLASS = YES_ERROR;
				CLANG_WARN_QUOTED_INCLUDE_IN_FRAMEWORK_HEADER = YES;
				CLANG_WARN_RANGE_LOOP_ANALYSIS = YES;
				CLANG_WARN_STRICT_PROTOTYPES = YES;
				CLANG_WARN_SUSPICIOUS_MOVE = YES;
				CLANG_WARN_UNGUARDED_AVAILABILITY = YES_AGGRESSIVE;
				CLANG_WARN_UNREACHABLE_CODE = YES;
				CLANG_WARN__DUPLICATE_METHOD_MATCH = YES;
				COPY_PHASE_STRIP = NO;
				DEBUG_INFORMATION_FORMAT = "dwarf-with-dsym";
				ENABLE_NS_ASSERTIONS = NO;
				ENABLE_STRICT_OBJC_MSGSEND = YES;
				GCC_C_LANGUAGE_STANDARD = gnu11;
				GCC_NO_COMMON_BLOCKS = YES;
				GCC_WARN_64_TO_32_BIT_CONVERSION = YES;
				GCC_WARN_ABOUT_RETURN_TYPE = YES_ERROR;
				GCC_WARN_UNDECLARED_SELECTOR = YES;
				GCC_WARN_UNINITIALIZED_AUTOS = YES_AGGRESSIVE;
				GCC_WARN_UNUSED_FUNCTION = YES;
				GCC_WARN_UNUSED_VARIABLE = YES;
				MTL_ENABLE_DEBUG_INFO = NO;
				MTL_FAST_MATH = YES;
				SWIFT_COMPILATION_MODE = wholemodule;
				SWIFT_OPTIMIZATION_LEVEL = "-O";
			};
			name = Release;
		};
		2960BF3B25B3681E00AC9E4F /* Debug */ = {
			isa = XCBuildConfiguration;
			buildSettings = {
				ASSETCATALOG_COMPILER_APPICON_NAME = AppIcon;
				ASSETCATALOG_COMPILER_GLOBAL_ACCENT_COLOR_NAME = AccentColor;
				CODE_SIGN_IDENTITY = "Apple Development";
				CODE_SIGN_STYLE = Automatic;
				DEVELOPMENT_TEAM = HK7UN2Y7PY;
				ENABLE_PREVIEWS = YES;
				INFOPLIST_FILE = iOS/Info.plist;
				IPHONEOS_DEPLOYMENT_TARGET = 14.0;
				LD_RUNPATH_SEARCH_PATHS = (
					"$(inherited)",
					"@executable_path/Frameworks",
				);
				PRODUCT_BUNDLE_IDENTIFIER = com.gradchenko.SchedulerKitExample;
				PRODUCT_NAME = SchedulerKitExample;
				PROVISIONING_PROFILE_SPECIFIER = "";
				SDKROOT = iphoneos;
				SWIFT_VERSION = 5.0;
				TARGETED_DEVICE_FAMILY = "1,2";
			};
			name = Debug;
		};
		2960BF3C25B3681E00AC9E4F /* Release */ = {
			isa = XCBuildConfiguration;
			buildSettings = {
				ASSETCATALOG_COMPILER_APPICON_NAME = AppIcon;
				ASSETCATALOG_COMPILER_GLOBAL_ACCENT_COLOR_NAME = AccentColor;
				CODE_SIGN_IDENTITY = "Apple Development";
				CODE_SIGN_STYLE = Automatic;
				DEVELOPMENT_TEAM = HK7UN2Y7PY;
				ENABLE_PREVIEWS = YES;
				INFOPLIST_FILE = iOS/Info.plist;
				IPHONEOS_DEPLOYMENT_TARGET = 14.0;
				LD_RUNPATH_SEARCH_PATHS = (
					"$(inherited)",
					"@executable_path/Frameworks",
				);
				PRODUCT_BUNDLE_IDENTIFIER = com.gradchenko.SchedulerKitExample;
				PRODUCT_NAME = SchedulerKitExample;
				PROVISIONING_PROFILE_SPECIFIER = "";
				SDKROOT = iphoneos;
				SWIFT_VERSION = 5.0;
				TARGETED_DEVICE_FAMILY = "1,2";
				VALIDATE_PRODUCT = YES;
			};
			name = Release;
		};
		2960BFB625B376AA00AC9E4F /* Debug */ = {
			isa = XCBuildConfiguration;
			buildSettings = {
				BUNDLE_LOADER = "$(TEST_HOST)";
				CODE_SIGN_STYLE = Automatic;
				DEVELOPMENT_TEAM = HK7UN2Y7PY;
				INFOPLIST_FILE = SchedulerKitExampleTests/Info.plist;
				IPHONEOS_DEPLOYMENT_TARGET = 14.3;
				LD_RUNPATH_SEARCH_PATHS = (
					"$(inherited)",
					"@executable_path/Frameworks",
					"@loader_path/Frameworks",
				);
				PRODUCT_BUNDLE_IDENTIFIER = com.gradchenko.SchedulerKitExampleTests;
				PRODUCT_NAME = "$(TARGET_NAME)";
				SDKROOT = iphoneos;
				SWIFT_VERSION = 5.0;
				TARGETED_DEVICE_FAMILY = "1,2";
				TEST_HOST = "$(BUILT_PRODUCTS_DIR)/SchedulerKitExample.app/SchedulerKitExample";
			};
			name = Debug;
		};
		2960BFB725B376AA00AC9E4F /* Release */ = {
			isa = XCBuildConfiguration;
			buildSettings = {
				BUNDLE_LOADER = "$(TEST_HOST)";
				CODE_SIGN_STYLE = Automatic;
				DEVELOPMENT_TEAM = HK7UN2Y7PY;
				INFOPLIST_FILE = SchedulerKitExampleTests/Info.plist;
				IPHONEOS_DEPLOYMENT_TARGET = 14.3;
				LD_RUNPATH_SEARCH_PATHS = (
					"$(inherited)",
					"@executable_path/Frameworks",
					"@loader_path/Frameworks",
				);
				PRODUCT_BUNDLE_IDENTIFIER = com.gradchenko.SchedulerKitExampleTests;
				PRODUCT_NAME = "$(TARGET_NAME)";
				SDKROOT = iphoneos;
				SWIFT_VERSION = 5.0;
				TARGETED_DEVICE_FAMILY = "1,2";
				TEST_HOST = "$(BUILT_PRODUCTS_DIR)/SchedulerKitExample.app/SchedulerKitExample";
				VALIDATE_PRODUCT = YES;
			};
			name = Release;
		};
/* End XCBuildConfiguration section */

/* Begin XCConfigurationList section */
		2960BF0725B3681C00AC9E4F /* Build configuration list for PBXProject "SchedulerKitExample" */ = {
			isa = XCConfigurationList;
			buildConfigurations = (
				2960BF3825B3681E00AC9E4F /* Debug */,
				2960BF3925B3681E00AC9E4F /* Release */,
			);
			defaultConfigurationIsVisible = 0;
			defaultConfigurationName = Release;
		};
		2960BF3A25B3681E00AC9E4F /* Build configuration list for PBXNativeTarget "SchedulerKitExample" */ = {
			isa = XCConfigurationList;
			buildConfigurations = (
				2960BF3B25B3681E00AC9E4F /* Debug */,
				2960BF3C25B3681E00AC9E4F /* Release */,
			);
			defaultConfigurationIsVisible = 0;
			defaultConfigurationName = Release;
		};
		2960BFB525B376AA00AC9E4F /* Build configuration list for PBXNativeTarget "SchedulerKitExampleTests" */ = {
			isa = XCConfigurationList;
			buildConfigurations = (
				2960BFB625B376AA00AC9E4F /* Debug */,
				2960BFB725B376AA00AC9E4F /* Release */,
			);
			defaultConfigurationIsVisible = 0;
			defaultConfigurationName = Release;
		};
/* End XCConfigurationList section */

/* Begin XCRemoteSwiftPackageReference section */
		2960BF4A25B3687100AC9E4F /* XCRemoteSwiftPackageReference "SchedulerKit" */ = {
			isa = XCRemoteSwiftPackageReference;
			repositoryURL = "https://github.com/scheduler-kit/SchedulerKit";
			requirement = {
				kind = upToNextMajorVersion;
				minimumVersion = 1.0.0;
			};
		};
/* End XCRemoteSwiftPackageReference section */

/* Begin XCSwiftPackageProductDependency section */
		2960BFA725B375C000AC9E4F /* SchedulerKit */ = {
			isa = XCSwiftPackageProductDependency;
			package = 2960BF4A25B3687100AC9E4F /* XCRemoteSwiftPackageReference "SchedulerKit" */;
			productName = SchedulerKit;
		};
		2960BFBA25B376DF00AC9E4F /* SchedulerKitTestUtils */ = {
			isa = XCSwiftPackageProductDependency;
			package = 2960BF4A25B3687100AC9E4F /* XCRemoteSwiftPackageReference "SchedulerKit" */;
			productName = SchedulerKitTestUtils;
		};
/* End XCSwiftPackageProductDependency section */
	};
	rootObject = 2960BF0425B3681C00AC9E4F /* Project object */;
}
