{
  "object": {
    "pins": [
      {
        "package": "SchedulerKit",
        "repositoryURL": "https://github.com/scheduler-kit/SchedulerKit",
        "state": {
          "branch": null,
          "revision": "7e1572711ef305297a328ccbfb6e158fcec85d28",
          "version": "1.0.0"
        }
      }
    ]
  },
  "version": 1
}
